
Microsoft Visual Studio Solution File, Format Version 12.00
# Visual Studio 15
VisualStudioVersion = 15.0.28307.757
MinimumVisualStudioVersion = 10.0.40219.1
Project("{F184B08F-C81C-45F6-A57F-5ABD9991F28F}") = "CustomControlExample", "CustomControlExample\CustomControlExample.vbproj", "{1B8F17C8-0168-438C-A93B-9012D0998F7D}"
EndProject
Project("{F184B08F-C81C-45F6-A57F-5ABD9991F28F}") = "DevExpress.XtraReports.CustomControls", "DevExpress.XtraReports.CustomControls\DevExpress.XtraReports.CustomControls.vbproj", "{B2411873-4847-48AB-AA5E-96EFAF6A23E6}"
EndProject
Global
	GlobalSection(SolutionConfigurationPlatforms) = preSolution
		Debug|Any CPU = Debug|Any CPU
		Release|Any CPU = Release|Any CPU
	EndGlobalSection
	GlobalSection(ProjectConfigurationPlatforms) = postSolution
		{1B8F17C8-0168-438C-A93B-9012D0998F7D}.Debug|Any CPU.ActiveCfg = Debug|Any CPU
		{1B8F17C8-0168-438C-A93B-9012D0998F7D}.Debug|Any CPU.Build.0 = Debug|Any CPU
		{1B8F17C8-0168-438C-A93B-9012D0998F7D}.Release|Any CPU.ActiveCfg = Release|Any CPU
		{1B8F17C8-0168-438C-A93B-9012D0998F7D}.Release|Any CPU.Build.0 = Release|Any CPU
		{B2411873-4847-48AB-AA5E-96EFAF6A23E6}.Debug|Any CPU.ActiveCfg = Debug|Any CPU
		{B2411873-4847-48AB-AA5E-96EFAF6A23E6}.Debug|Any CPU.Build.0 = Debug|Any CPU
		{B2411873-4847-48AB-AA5E-96EFAF6A23E6}.Release|Any CPU.ActiveCfg = Release|Any CPU
		{B2411873-4847-48AB-AA5E-96EFAF6A23E6}.Release|Any CPU.Build.0 = Release|Any CPU
		EndGlobalSection
	GlobalSection(SolutionProperties) = preSolution
		HideSolutionNode = FALSE
	EndGlobalSection
	GlobalSection(ExtensibilityGlobals) = postSolution
		SolutionGuid = {0993E5CD-9B7B-4A2F-A596-483721C7C98D}
	EndGlobalSection
EndGlobal
